
Microsoft Visual Studio Solution File, Format Version 12.00
# Visual Studio Version 16
VisualStudioVersion = 16.0.30225.117
MinimumVisualStudioVersion = 10.0.40219.1
Project("{FAE04EC0-301F-11D3-BF4B-00C04F79EFBC}") = "CreditCardEligibilityCheckerAPI", "CreditCardEligibilityCheckerAPI.csproj", "{EC827E8E-B94F-4CC4-B18C-61EB32CA3A51}"
EndProject
Global
	GlobalSection(SolutionConfigurationPlatforms) = preSolution
		Debug|Any CPU = Debug|Any CPU
		Release|Any CPU = Release|Any CPU
	EndGlobalSection
	GlobalSection(ProjectConfigurationPlatforms) = postSolution
		{EC827E8E-B94F-4CC4-B18C-61EB32CA3A51}.Debug|Any CPU.ActiveCfg = Debug|Any CPU
		{EC827E8E-B94F-4CC4-B18C-61EB32CA3A51}.Debug|Any CPU.Build.0 = Debug|Any CPU
		{EC827E8E-B94F-4CC4-B18C-61EB32CA3A51}.Release|Any CPU.ActiveCfg = Release|Any CPU
		{EC827E8E-B94F-4CC4-B18C-61EB32CA3A51}.Release|Any CPU.Build.0 = Release|Any CPU
	EndGlobalSection
	GlobalSection(SolutionProperties) = preSolution
		HideSolutionNode = FALSE
	EndGlobalSection
	GlobalSection(ExtensibilityGlobals) = postSolution
		SolutionGuid = {C4882CB0-5EAF-4D43-B1F2-2B8F623DAA5B}
	EndGlobalSection
EndGlobal
